
Microsoft Visual Studio Solution File, Format Version 12.00
# Visual Studio Version 17
VisualStudioVersion = 17.0.32112.339
MinimumVisualStudioVersion = 10.0.40219.1
Project("{FAE04EC0-301F-11D3-BF4B-00C04F79EFBC}") = "TestFunctionsApp", "TestFunctionsApp.csproj", "{DD42FE87-0899-4CDF-BB48-90596231398A}"
EndProject
Global
	GlobalSection(SolutionConfigurationPlatforms) = preSolution
		Debug|Any CPU = Debug|Any CPU
		Release|Any CPU = Release|Any CPU
	EndGlobalSection
	GlobalSection(ProjectConfigurationPlatforms) = postSolution
		{DD42FE87-0899-4CDF-BB48-90596231398A}.Debug|Any CPU.ActiveCfg = Debug|Any CPU
		{DD42FE87-0899-4CDF-BB48-90596231398A}.Debug|Any CPU.Build.0 = Debug|Any CPU
		{DD42FE87-0899-4CDF-BB48-90596231398A}.Release|Any CPU.ActiveCfg = Release|Any CPU
		{DD42FE87-0899-4CDF-BB48-90596231398A}.Release|Any CPU.Build.0 = Release|Any CPU
	EndGlobalSection
	GlobalSection(SolutionProperties) = preSolution
		HideSolutionNode = FALSE
	EndGlobalSection
	GlobalSection(ExtensibilityGlobals) = postSolution
		SolutionGuid = {F902A91A-B292-4805-AE07-5EB54510B7FC}
	EndGlobalSection
EndGlobal
